{
  "nodes": {
    "crane": {
      "locked": {
        "lastModified": 1779130139,
        "narHash": "sha256-BLrtr42azquO7MdGFU5a7KiMl3YpFlTeIXqy1fT5GlQ=",
        "owner": "ipetkov",
        "repo": "crane",
        "rev": "edb38893982a3338972bb4a2ec7ce7c29ba10fd9",
        "type": "github"
      },
      "original": {
        "owner": "ipetkov",
        "repo": "crane",
        "type": "github"
      }
    },
    "disko-zfs": {
      "inputs": {
        "disko": [],
        "flake-parts": [
          "flake-parts"
        ],
        "nixpkgs": [
          "nixpkgs"
        ]
      },
      "locked": {
        "lastModified": 1773422739,
        "narHash": "sha256-nfl7tj3TN8MZI5JpidUjlqax+2ly2BHay3tpM/cc9ik=",
        "owner": "numtide",
        "repo": "disko-zfs",
        "rev": "adaef72fba88b4f313fcb3f7cf02e24b2a09b648",
        "type": "github"
      },
      "original": {
        "owner": "numtide",
        "repo": "disko-zfs",
        "type": "github"
      }
    },
    "flake-parts": {
      "inputs": {
        "nixpkgs-lib": [
          "nixpkgs"
        ]
      },
      "locked": {
        "lastModified": 1778716662,
        "narHash": "sha256-m1Yf0wZ8j1OHjTc2UwHwyQRSnNeSgLJOd7q5Y45hzi4=",
        "owner": "hercules-ci",
        "repo": "flake-parts",
        "rev": "f7c1a2d347e4c52d5fb8d10cb4d94b5884e546fb",
        "type": "github"
      },
      "original": {
        "owner": "hercules-ci",
        "repo": "flake-parts",
        "type": "github"
      }
    },
    "hjem": {
      "inputs": {
        "nix-darwin": [],
        "nixpkgs": []
      },
      "locked": {
        "lastModified": 1779044379,
        "narHash": "sha256-DHV1vpUers1TbZxIuEGz4VENShZ/EXefiTXd79QIhs4=",
        "owner": "feel-co",
        "repo": "hjem",
        "rev": "4a2fd57f9e5d22cd3ef4c4230d245da159ab8dce",
        "type": "github"
      },
      "original": {
        "owner": "feel-co",
        "repo": "hjem",
        "type": "github"
      }
    },
    "nixpkgs": {
      "locked": {
        "lastModified": 1778869304,
        "narHash": "sha256-VdRy3A14M5vIE882DJcaaR+5wrss9Qsg4YNVbr7uj3k=",
        "rev": "d233902339c02a9c334e7e593de68855ad26c4cb",
        "type": "tarball",
        "url": "https://releases.nixos.org/nixos/unstable/nixos-26.05pre998534.d233902339c0/nixexprs.tar.xz"
      },
      "original": {
        "type": "tarball",
        "url": "https://channels.nixos.org/nixos-unstable/nixexprs.tar.xz"
      }
    },
    "root": {
      "inputs": {
        "disko-zfs": "disko-zfs",
        "flake-parts": "flake-parts",
        "hjem": "hjem",
        "nixpkgs": "nixpkgs",
        "rootbeer": "rootbeer"
      }
    },
    "rootbeer": {
      "inputs": {
        "crane": "crane",
        "flake-parts": [
          "flake-parts"
        ],
        "nixpkgs": [
          "nixpkgs"
        ],
        "systems": "systems"
      },
      "locked": {
        "lastModified": 1779483406,
        "narHash": "sha256-97AmAnUQucF9I7UiZs2rltUL+5hD+yVql0UrXRD3XFc=",
        "owner": "michael-c-buckley",
        "repo": "rootbeer",
        "rev": "b3bf25637d6e4c1fa3fa755514f7f9c21f807dea",
        "type": "github"
      },
      "original": {
        "owner": "michael-c-buckley",
        "repo": "rootbeer",
        "type": "github"
      }
    },
    "systems": {
      "locked": {
        "lastModified": 1681028828,
        "narHash": "sha256-Vy1rq5AaRuLzOxct8nz4T6wlgyUR7zLU309k9mBC768=",
        "owner": "nix-systems",
        "repo": "default",
        "rev": "da67096a3b9bf56a91d16901293e51ba5b49a27e",
        "type": "github"
      },
      "original": {
        "owner": "nix-systems",
        "repo": "default",
        "type": "github"
      }
    }
  },
  "root": "root",
  "version": 7
}
